
Microsoft Visual Studio Solution File, Format Version 12.00
# Visual Studio 15
VisualStudioVersion = 15.0.27130.2010
MinimumVisualStudioVersion = 10.0.40219.1
Project("{FAE04EC0-301F-11D3-BF4B-00C04F79EFBC}") = "RegisterWebForm", "RegisterWebForm\RegisterWebForm.csproj", "{2B458872-A343-414F-BBF2-B8371D0AFE65}"
EndProject
Global
	GlobalSection(SolutionConfigurationPlatforms) = preSolution
		Debug|Any CPU = Debug|Any CPU
		Release|Any CPU = Release|Any CPU
	EndGlobalSection
	GlobalSection(ProjectConfigurationPlatforms) = postSolution
		{2B458872-A343-414F-BBF2-B8371D0AFE65}.Debug|Any CPU.ActiveCfg = Debug|Any CPU
		{2B458872-A343-414F-BBF2-B8371D0AFE65}.Debug|Any CPU.Build.0 = Debug|Any CPU
		{2B458872-A343-414F-BBF2-B8371D0AFE65}.Release|Any CPU.ActiveCfg = Release|Any CPU
		{2B458872-A343-414F-BBF2-B8371D0AFE65}.Release|Any CPU.Build.0 = Release|Any CPU
	EndGlobalSection
	GlobalSection(SolutionProperties) = preSolution
		HideSolutionNode = FALSE
	EndGlobalSection
	GlobalSection(ExtensibilityGlobals) = postSolution
		SolutionGuid = {D7E2937B-7E25-4591-AD0B-DFECF72C8DD7}
	EndGlobalSection
EndGlobal
